
Microsoft Visual Studio Solution File, Format Version 11.00
# Visual Studio 2010
Project("{FAE04EC0-301F-11D3-BF4B-00C04F79EFBC}") = "Lab1", "Lab1\Lab1.csproj", "{FCBEE400-99F2-4748-B143-BB10D9EA28BF}"
EndProject
Project("{FAE04EC0-301F-11D3-BF4B-00C04F79EFBC}") = "MyCalculatorv1", "MyCalculatorv1\MyCalculatorv1.csproj", "{A112C6C1-2AD5-40F2-94CA-41C274808827}"
EndProject
Project("{FAE04EC0-301F-11D3-BF4B-00C04F79EFBC}") = "Lab2", "Lab2\Lab2.csproj", "{27E82A11-A479-44CF-A6D4-8A9C23B121C7}"
EndProject
Project("{FAE04EC0-301F-11D3-BF4B-00C04F79EFBC}") = "Lab3", "Lab3\Lab3.csproj", "{82328C1A-282F-4F1A-9B0B-750708F105E1}"
EndProject
Project("{FAE04EC0-301F-11D3-BF4B-00C04F79EFBC}") = "Lab3_2", "Lab3_2\Lab3_2.csproj", "{5E660D4A-93C4-4536-8A5E-B5B87632F52B}"
EndProject
Global
	GlobalSection(SolutionConfigurationPlatforms) = preSolution
		Debug|x86 = Debug|x86
		Release|x86 = Release|x86
	EndGlobalSection
	GlobalSection(ProjectConfigurationPlatforms) = postSolution
		{FCBEE400-99F2-4748-B143-BB10D9EA28BF}.Debug|x86.ActiveCfg = Debug|x86
		{FCBEE400-99F2-4748-B143-BB10D9EA28BF}.Debug|x86.Build.0 = Debug|x86
		{FCBEE400-99F2-4748-B143-BB10D9EA28BF}.Release|x86.ActiveCfg = Release|x86
		{FCBEE400-99F2-4748-B143-BB10D9EA28BF}.Release|x86.Build.0 = Release|x86
		{A112C6C1-2AD5-40F2-94CA-41C274808827}.Debug|x86.ActiveCfg = Debug|x86
		{A112C6C1-2AD5-40F2-94CA-41C274808827}.Debug|x86.Build.0 = Debug|x86
		{A112C6C1-2AD5-40F2-94CA-41C274808827}.Release|x86.ActiveCfg = Release|x86
		{A112C6C1-2AD5-40F2-94CA-41C274808827}.Release|x86.Build.0 = Release|x86
		{27E82A11-A479-44CF-A6D4-8A9C23B121C7}.Debug|x86.ActiveCfg = Debug|x86
		{27E82A11-A479-44CF-A6D4-8A9C23B121C7}.Debug|x86.Build.0 = Debug|x86
		{27E82A11-A479-44CF-A6D4-8A9C23B121C7}.Release|x86.ActiveCfg = Release|x86
		{27E82A11-A479-44CF-A6D4-8A9C23B121C7}.Release|x86.Build.0 = Release|x86
		{82328C1A-282F-4F1A-9B0B-750708F105E1}.Debug|x86.ActiveCfg = Debug|x86
		{82328C1A-282F-4F1A-9B0B-750708F105E1}.Debug|x86.Build.0 = Debug|x86
		{82328C1A-282F-4F1A-9B0B-750708F105E1}.Release|x86.ActiveCfg = Release|x86
		{82328C1A-282F-4F1A-9B0B-750708F105E1}.Release|x86.Build.0 = Release|x86
		{5E660D4A-93C4-4536-8A5E-B5B87632F52B}.Debug|x86.ActiveCfg = Debug|x86
		{5E660D4A-93C4-4536-8A5E-B5B87632F52B}.Debug|x86.Build.0 = Debug|x86
		{5E660D4A-93C4-4536-8A5E-B5B87632F52B}.Release|x86.ActiveCfg = Release|x86
		{5E660D4A-93C4-4536-8A5E-B5B87632F52B}.Release|x86.Build.0 = Release|x86
	EndGlobalSection
	GlobalSection(SolutionProperties) = preSolution
		HideSolutionNode = FALSE
	EndGlobalSection
EndGlobal
