
Microsoft Visual Studio Solution File, Format Version 11.00
# Visual Studio 2010
Project("{FAE04EC0-301F-11D3-BF4B-00C04F79EFBC}") = "Lab1", "Lab1\Lab1.csproj", "{FCBEE400-99F2-4748-B143-BB10D9EA28BF}"
EndProject
Project("{FAE04EC0-301F-11D3-BF4B-00C04F79EFBC}") = "MyCalculatorv1", "MyCalculatorv1\MyCalculatorv1.csproj", "{A112C6C1-2AD5-40F2-94CA-41C274808827}"
EndProject
Project("{FAE04EC0-301F-11D3-BF4B-00C04F79EFBC}") = "Lab2", "Lab2\Lab2.csproj", "{27E82A11-A479-44CF-A6D4-8A9C23B121C7}"
EndProject
Project("{FAE04EC0-301F-11D3-BF4B-00C04F79EFBC}") = "Lab4", "Lab4\Lab4.csproj", "{48B3536B-5218-4BAB-B30F-C94F4A5FD689}"
EndProject
Project("{FAE04EC0-301F-11D3-BF4B-00C04F79EFBC}") = "Lab4GameControl", "Lab4GameControl\Lab4GameControl.csproj", "{16DB8A9B-6511-4CF3-BDB3-48AD2D5B4990}"
EndProject
Global
	GlobalSection(SolutionConfigurationPlatforms) = preSolution
		Debug|Any CPU = Debug|Any CPU
		Debug|Mixed Platforms = Debug|Mixed Platforms
		Debug|x86 = Debug|x86
		Release|Any CPU = Release|Any CPU
		Release|Mixed Platforms = Release|Mixed Platforms
		Release|x86 = Release|x86
	EndGlobalSection
	GlobalSection(ProjectConfigurationPlatforms) = postSolution
		{FCBEE400-99F2-4748-B143-BB10D9EA28BF}.Debug|Any CPU.ActiveCfg = Debug|x86
		{FCBEE400-99F2-4748-B143-BB10D9EA28BF}.Debug|Mixed Platforms.ActiveCfg = Debug|x86
		{FCBEE400-99F2-4748-B143-BB10D9EA28BF}.Debug|Mixed Platforms.Build.0 = Debug|x86
		{FCBEE400-99F2-4748-B143-BB10D9EA28BF}.Debug|x86.ActiveCfg = Debug|x86
		{FCBEE400-99F2-4748-B143-BB10D9EA28BF}.Debug|x86.Build.0 = Debug|x86
		{FCBEE400-99F2-4748-B143-BB10D9EA28BF}.Release|Any CPU.ActiveCfg = Release|x86
		{FCBEE400-99F2-4748-B143-BB10D9EA28BF}.Release|Mixed Platforms.ActiveCfg = Release|x86
		{FCBEE400-99F2-4748-B143-BB10D9EA28BF}.Release|Mixed Platforms.Build.0 = Release|x86
		{FCBEE400-99F2-4748-B143-BB10D9EA28BF}.Release|x86.ActiveCfg = Release|x86
		{FCBEE400-99F2-4748-B143-BB10D9EA28BF}.Release|x86.Build.0 = Release|x86
		{A112C6C1-2AD5-40F2-94CA-41C274808827}.Debug|Any CPU.ActiveCfg = Debug|x86
		{A112C6C1-2AD5-40F2-94CA-41C274808827}.Debug|Mixed Platforms.ActiveCfg = Debug|x86
		{A112C6C1-2AD5-40F2-94CA-41C274808827}.Debug|Mixed Platforms.Build.0 = Debug|x86
		{A112C6C1-2AD5-40F2-94CA-41C274808827}.Debug|x86.ActiveCfg = Debug|x86
		{A112C6C1-2AD5-40F2-94CA-41C274808827}.Debug|x86.Build.0 = Debug|x86
		{A112C6C1-2AD5-40F2-94CA-41C274808827}.Release|Any CPU.ActiveCfg = Release|x86
		{A112C6C1-2AD5-40F2-94CA-41C274808827}.Release|Mixed Platforms.ActiveCfg = Release|x86
		{A112C6C1-2AD5-40F2-94CA-41C274808827}.Release|Mixed Platforms.Build.0 = Release|x86
		{A112C6C1-2AD5-40F2-94CA-41C274808827}.Release|x86.ActiveCfg = Release|x86
		{A112C6C1-2AD5-40F2-94CA-41C274808827}.Release|x86.Build.0 = Release|x86
		{27E82A11-A479-44CF-A6D4-8A9C23B121C7}.Debug|Any CPU.ActiveCfg = Debug|x86
		{27E82A11-A479-44CF-A6D4-8A9C23B121C7}.Debug|Mixed Platforms.ActiveCfg = Debug|x86
		{27E82A11-A479-44CF-A6D4-8A9C23B121C7}.Debug|Mixed Platforms.Build.0 = Debug|x86
		{27E82A11-A479-44CF-A6D4-8A9C23B121C7}.Debug|x86.ActiveCfg = Debug|x86
		{27E82A11-A479-44CF-A6D4-8A9C23B121C7}.Debug|x86.Build.0 = Debug|x86
		{27E82A11-A479-44CF-A6D4-8A9C23B121C7}.Release|Any CPU.ActiveCfg = Release|x86
		{27E82A11-A479-44CF-A6D4-8A9C23B121C7}.Release|Mixed Platforms.ActiveCfg = Release|x86
		{27E82A11-A479-44CF-A6D4-8A9C23B121C7}.Release|Mixed Platforms.Build.0 = Release|x86
		{27E82A11-A479-44CF-A6D4-8A9C23B121C7}.Release|x86.ActiveCfg = Release|x86
		{27E82A11-A479-44CF-A6D4-8A9C23B121C7}.Release|x86.Build.0 = Release|x86
		{48B3536B-5218-4BAB-B30F-C94F4A5FD689}.Debug|Any CPU.ActiveCfg = Debug|x86
		{48B3536B-5218-4BAB-B30F-C94F4A5FD689}.Debug|Mixed Platforms.ActiveCfg = Debug|x86
		{48B3536B-5218-4BAB-B30F-C94F4A5FD689}.Debug|Mixed Platforms.Build.0 = Debug|x86
		{48B3536B-5218-4BAB-B30F-C94F4A5FD689}.Debug|x86.ActiveCfg = Debug|x86
		{48B3536B-5218-4BAB-B30F-C94F4A5FD689}.Debug|x86.Build.0 = Debug|x86
		{48B3536B-5218-4BAB-B30F-C94F4A5FD689}.Release|Any CPU.ActiveCfg = Release|x86
		{48B3536B-5218-4BAB-B30F-C94F4A5FD689}.Release|Mixed Platforms.ActiveCfg = Release|x86
		{48B3536B-5218-4BAB-B30F-C94F4A5FD689}.Release|Mixed Platforms.Build.0 = Release|x86
		{48B3536B-5218-4BAB-B30F-C94F4A5FD689}.Release|x86.ActiveCfg = Release|x86
		{48B3536B-5218-4BAB-B30F-C94F4A5FD689}.Release|x86.Build.0 = Release|x86
		{16DB8A9B-6511-4CF3-BDB3-48AD2D5B4990}.Debug|Any CPU.ActiveCfg = Debug|Any CPU
		{16DB8A9B-6511-4CF3-BDB3-48AD2D5B4990}.Debug|Any CPU.Build.0 = Debug|Any CPU
		{16DB8A9B-6511-4CF3-BDB3-48AD2D5B4990}.Debug|Mixed Platforms.ActiveCfg = Debug|Any CPU
		{16DB8A9B-6511-4CF3-BDB3-48AD2D5B4990}.Debug|Mixed Platforms.Build.0 = Debug|Any CPU
		{16DB8A9B-6511-4CF3-BDB3-48AD2D5B4990}.Debug|x86.ActiveCfg = Debug|Any CPU
		{16DB8A9B-6511-4CF3-BDB3-48AD2D5B4990}.Debug|x86.Build.0 = Debug|Any CPU
		{16DB8A9B-6511-4CF3-BDB3-48AD2D5B4990}.Release|Any CPU.ActiveCfg = Release|Any CPU
		{16DB8A9B-6511-4CF3-BDB3-48AD2D5B4990}.Release|Any CPU.Build.0 = Release|Any CPU
		{16DB8A9B-6511-4CF3-BDB3-48AD2D5B4990}.Release|Mixed Platforms.ActiveCfg = Release|Any CPU
		{16DB8A9B-6511-4CF3-BDB3-48AD2D5B4990}.Release|Mixed Platforms.Build.0 = Release|Any CPU
		{16DB8A9B-6511-4CF3-BDB3-48AD2D5B4990}.Release|x86.ActiveCfg = Release|Any CPU
	EndGlobalSection
	GlobalSection(SolutionProperties) = preSolution
		HideSolutionNode = FALSE
	EndGlobalSection
EndGlobal
